
Microsoft Visual Studio Solution File, Format Version 12.00
# Visual Studio Version 17
VisualStudioVersion = 17.6.33829.357
MinimumVisualStudioVersion = 10.0.40219.1
Project("{FAE04EC0-301F-11D3-BF4B-00C04F79EFBC}") = "PerformanceTestingOfMultithreadedApplication", "PerformanceTestingOfMultithreadedApplication\PerformanceTestingOfMultithreadedApplication.csproj", "{41DCCA96-98B5-4D91-9B5A-A17FF7B88E8D}"
EndProject
Global
	GlobalSection(SolutionConfigurationPlatforms) = preSolution
		Debug|Any CPU = Debug|Any CPU
		Release|Any CPU = Release|Any CPU
	EndGlobalSection
	GlobalSection(ProjectConfigurationPlatforms) = postSolution
		{41DCCA96-98B5-4D91-9B5A-A17FF7B88E8D}.Debug|Any CPU.ActiveCfg = Debug|Any CPU
		{41DCCA96-98B5-4D91-9B5A-A17FF7B88E8D}.Debug|Any CPU.Build.0 = Debug|Any CPU
		{41DCCA96-98B5-4D91-9B5A-A17FF7B88E8D}.Release|Any CPU.ActiveCfg = Release|Any CPU
		{41DCCA96-98B5-4D91-9B5A-A17FF7B88E8D}.Release|Any CPU.Build.0 = Release|Any CPU
	EndGlobalSection
	GlobalSection(SolutionProperties) = preSolution
		HideSolutionNode = FALSE
	EndGlobalSection
	GlobalSection(ExtensibilityGlobals) = postSolution
		SolutionGuid = {D7403D66-EA68-451E-9FBA-BADEABB5EF0D}
	EndGlobalSection
EndGlobal
